
Microsoft Visual Studio Solution File, Format Version 12.00
# Visual Studio Version 17
VisualStudioVersion = 17.2.32516.85
MinimumVisualStudioVersion = 10.0.40219.1
Project("{FAE04EC0-301F-11D3-BF4B-00C04F79EFBC}") = "Viewer", "samples\Viewer\Viewer.csproj", "{AC0578B4-F64B-4854-A62F-2B7A31CBEFAA}"
EndProject
Project("{FAE04EC0-301F-11D3-BF4B-00C04F79EFBC}") = "StateMachineInputs", "samples\StateMachineInputs\StateMachineInputs.csproj", "{2D8E223F-13A7-47EC-A7BA-A86032F4A6C7}"
EndProject
Project("{FAE04EC0-301F-11D3-BF4B-00C04F79EFBC}") = "RiveSharp.Views.UWP", "RiveSharp.Views.UWP\RiveSharp.Views.UWP.csproj", "{FAF58208-FF43-431D-98D5-5F7E128F4AB0}"
EndProject
Project("{2150E333-8FDC-42A3-9474-1A3956D46DE8}") = "Solution Items", "Solution Items", "{8F65A7CA-3840-4387-A84E-78CDB557337B}"
	ProjectSection(SolutionItems) = preProject
		.editorconfig = .editorconfig
	EndProjectSection
EndProject
Global
	GlobalSection(SolutionConfigurationPlatforms) = preSolution
		Debug|Any CPU = Debug|Any CPU
		Debug|ARM = Debug|ARM
		Debug|ARM64 = Debug|ARM64
		Debug|x64 = Debug|x64
		Debug|x86 = Debug|x86
		Release|Any CPU = Release|Any CPU
		Release|ARM = Release|ARM
		Release|ARM64 = Release|ARM64
		Release|x64 = Release|x64
		Release|x86 = Release|x86
	EndGlobalSection
	GlobalSection(ProjectConfigurationPlatforms) = postSolution
		{AC0578B4-F64B-4854-A62F-2B7A31CBEFAA}.Debug|Any CPU.ActiveCfg = Debug|x64
		{AC0578B4-F64B-4854-A62F-2B7A31CBEFAA}.Debug|Any CPU.Build.0 = Debug|x64
		{AC0578B4-F64B-4854-A62F-2B7A31CBEFAA}.Debug|Any CPU.Deploy.0 = Debug|x64
		{AC0578B4-F64B-4854-A62F-2B7A31CBEFAA}.Debug|ARM.ActiveCfg = Debug|ARM
		{AC0578B4-F64B-4854-A62F-2B7A31CBEFAA}.Debug|ARM.Build.0 = Debug|ARM
		{AC0578B4-F64B-4854-A62F-2B7A31CBEFAA}.Debug|ARM.Deploy.0 = Debug|ARM
		{AC0578B4-F64B-4854-A62F-2B7A31CBEFAA}.Debug|ARM64.ActiveCfg = Debug|ARM64
		{AC0578B4-F64B-4854-A62F-2B7A31CBEFAA}.Debug|ARM64.Build.0 = Debug|ARM64
		{AC0578B4-F64B-4854-A62F-2B7A31CBEFAA}.Debug|ARM64.Deploy.0 = Debug|ARM64
		{AC0578B4-F64B-4854-A62F-2B7A31CBEFAA}.Debug|x64.ActiveCfg = Debug|x64
		{AC0578B4-F64B-4854-A62F-2B7A31CBEFAA}.Debug|x64.Build.0 = Debug|x64
		{AC0578B4-F64B-4854-A62F-2B7A31CBEFAA}.Debug|x64.Deploy.0 = Debug|x64
		{AC0578B4-F64B-4854-A62F-2B7A31CBEFAA}.Debug|x86.ActiveCfg = Debug|x86
		{AC0578B4-F64B-4854-A62F-2B7A31CBEFAA}.Debug|x86.Build.0 = Debug|x86
		{AC0578B4-F64B-4854-A62F-2B7A31CBEFAA}.Debug|x86.Deploy.0 = Debug|x86
		{AC0578B4-F64B-4854-A62F-2B7A31CBEFAA}.Release|Any CPU.ActiveCfg = Release|x64
		{AC0578B4-F64B-4854-A62F-2B7A31CBEFAA}.Release|Any CPU.Build.0 = Release|x64
		{AC0578B4-F64B-4854-A62F-2B7A31CBEFAA}.Release|Any CPU.Deploy.0 = Release|x64
		{AC0578B4-F64B-4854-A62F-2B7A31CBEFAA}.Release|ARM.ActiveCfg = Release|ARM
		{AC0578B4-F64B-4854-A62F-2B7A31CBEFAA}.Release|ARM.Build.0 = Release|ARM
		{AC0578B4-F64B-4854-A62F-2B7A31CBEFAA}.Release|ARM.Deploy.0 = Release|ARM
		{AC0578B4-F64B-4854-A62F-2B7A31CBEFAA}.Release|ARM64.ActiveCfg = Release|ARM64
		{AC0578B4-F64B-4854-A62F-2B7A31CBEFAA}.Release|ARM64.Build.0 = Release|ARM64
		{AC0578B4-F64B-4854-A62F-2B7A31CBEFAA}.Release|ARM64.Deploy.0 = Release|ARM64
		{AC0578B4-F64B-4854-A62F-2B7A31CBEFAA}.Release|x64.ActiveCfg = Release|x64
		{AC0578B4-F64B-4854-A62F-2B7A31CBEFAA}.Release|x64.Build.0 = Release|x64
		{AC0578B4-F64B-4854-A62F-2B7A31CBEFAA}.Release|x64.Deploy.0 = Release|x64
		{AC0578B4-F64B-4854-A62F-2B7A31CBEFAA}.Release|x86.ActiveCfg = Release|x86
		{AC0578B4-F64B-4854-A62F-2B7A31CBEFAA}.Release|x86.Build.0 = Release|x86
		{AC0578B4-F64B-4854-A62F-2B7A31CBEFAA}.Release|x86.Deploy.0 = Release|x86
		{2D8E223F-13A7-47EC-A7BA-A86032F4A6C7}.Debug|Any CPU.ActiveCfg = Debug|x64
		{2D8E223F-13A7-47EC-A7BA-A86032F4A6C7}.Debug|Any CPU.Build.0 = Debug|x64
		{2D8E223F-13A7-47EC-A7BA-A86032F4A6C7}.Debug|Any CPU.Deploy.0 = Debug|x64
		{2D8E223F-13A7-47EC-A7BA-A86032F4A6C7}.Debug|ARM.ActiveCfg = Debug|ARM
		{2D8E223F-13A7-47EC-A7BA-A86032F4A6C7}.Debug|ARM.Build.0 = Debug|ARM
		{2D8E223F-13A7-47EC-A7BA-A86032F4A6C7}.Debug|ARM.Deploy.0 = Debug|ARM
		{2D8E223F-13A7-47EC-A7BA-A86032F4A6C7}.Debug|ARM64.ActiveCfg = Debug|ARM64
		{2D8E223F-13A7-47EC-A7BA-A86032F4A6C7}.Debug|ARM64.Build.0 = Debug|ARM64
		{2D8E223F-13A7-47EC-A7BA-A86032F4A6C7}.Debug|ARM64.Deploy.0 = Debug|ARM64
		{2D8E223F-13A7-47EC-A7BA-A86032F4A6C7}.Debug|x64.ActiveCfg = Debug|x64
		{2D8E223F-13A7-47EC-A7BA-A86032F4A6C7}.Debug|x64.Build.0 = Debug|x64
		{2D8E223F-13A7-47EC-A7BA-A86032F4A6C7}.Debug|x64.Deploy.0 = Debug|x64
		{2D8E223F-13A7-47EC-A7BA-A86032F4A6C7}.Debug|x86.ActiveCfg = Debug|x86
		{2D8E223F-13A7-47EC-A7BA-A86032F4A6C7}.Debug|x86.Build.0 = Debug|x86
		{2D8E223F-13A7-47EC-A7BA-A86032F4A6C7}.Debug|x86.Deploy.0 = Debug|x86
		{2D8E223F-13A7-47EC-A7BA-A86032F4A6C7}.Release|Any CPU.ActiveCfg = Release|x64
		{2D8E223F-13A7-47EC-A7BA-A86032F4A6C7}.Release|Any CPU.Build.0 = Release|x64
		{2D8E223F-13A7-47EC-A7BA-A86032F4A6C7}.Release|Any CPU.Deploy.0 = Release|x64
		{2D8E223F-13A7-47EC-A7BA-A86032F4A6C7}.Release|ARM.ActiveCfg = Release|ARM
		{2D8E223F-13A7-47EC-A7BA-A86032F4A6C7}.Release|ARM.Build.0 = Release|ARM
		{2D8E223F-13A7-47EC-A7BA-A86032F4A6C7}.Release|ARM.Deploy.0 = Release|ARM
		{2D8E223F-13A7-47EC-A7BA-A86032F4A6C7}.Release|ARM64.ActiveCfg = Release|ARM64
		{2D8E223F-13A7-47EC-A7BA-A86032F4A6C7}.Release|ARM64.Build.0 = Release|ARM64
		{2D8E223F-13A7-47EC-A7BA-A86032F4A6C7}.Release|ARM64.Deploy.0 = Release|ARM64
		{2D8E223F-13A7-47EC-A7BA-A86032F4A6C7}.Release|x64.ActiveCfg = Release|x64
		{2D8E223F-13A7-47EC-A7BA-A86032F4A6C7}.Release|x64.Build.0 = Release|x64
		{2D8E223F-13A7-47EC-A7BA-A86032F4A6C7}.Release|x64.Deploy.0 = Release|x64
		{2D8E223F-13A7-47EC-A7BA-A86032F4A6C7}.Release|x86.ActiveCfg = Release|x86
		{2D8E223F-13A7-47EC-A7BA-A86032F4A6C7}.Release|x86.Build.0 = Release|x86
		{2D8E223F-13A7-47EC-A7BA-A86032F4A6C7}.Release|x86.Deploy.0 = Release|x86
		{FAF58208-FF43-431D-98D5-5F7E128F4AB0}.Debug|Any CPU.ActiveCfg = Debug|Any CPU
		{FAF58208-FF43-431D-98D5-5F7E128F4AB0}.Debug|Any CPU.Build.0 = Debug|Any CPU
		{FAF58208-FF43-431D-98D5-5F7E128F4AB0}.Debug|ARM.ActiveCfg = Debug|ARM
		{FAF58208-FF43-431D-98D5-5F7E128F4AB0}.Debug|ARM.Build.0 = Debug|ARM
		{FAF58208-FF43-431D-98D5-5F7E128F4AB0}.Debug|ARM64.ActiveCfg = Debug|ARM64
		{FAF58208-FF43-431D-98D5-5F7E128F4AB0}.Debug|ARM64.Build.0 = Debug|ARM64
		{FAF58208-FF43-431D-98D5-5F7E128F4AB0}.Debug|x64.ActiveCfg = Debug|x64
		{FAF58208-FF43-431D-98D5-5F7E128F4AB0}.Debug|x64.Build.0 = Debug|x64
		{FAF58208-FF43-431D-98D5-5F7E128F4AB0}.Debug|x86.ActiveCfg = Debug|x86
		{FAF58208-FF43-431D-98D5-5F7E128F4AB0}.Debug|x86.Build.0 = Debug|x86
		{FAF58208-FF43-431D-98D5-5F7E128F4AB0}.Release|Any CPU.ActiveCfg = Release|Any CPU
		{FAF58208-FF43-431D-98D5-5F7E128F4AB0}.Release|Any CPU.Build.0 = Release|Any CPU
		{FAF58208-FF43-431D-98D5-5F7E128F4AB0}.Release|ARM.ActiveCfg = Release|ARM
		{FAF58208-FF43-431D-98D5-5F7E128F4AB0}.Release|ARM.Build.0 = Release|ARM
		{FAF58208-FF43-431D-98D5-5F7E128F4AB0}.Release|ARM64.ActiveCfg = Release|ARM64
		{FAF58208-FF43-431D-98D5-5F7E128F4AB0}.Release|ARM64.Build.0 = Release|ARM64
		{FAF58208-FF43-431D-98D5-5F7E128F4AB0}.Release|x64.ActiveCfg = Release|x64
		{FAF58208-FF43-431D-98D5-5F7E128F4AB0}.Release|x64.Build.0 = Release|x64
		{FAF58208-FF43-431D-98D5-5F7E128F4AB0}.Release|x86.ActiveCfg = Release|x86
		{FAF58208-FF43-431D-98D5-5F7E128F4AB0}.Release|x86.Build.0 = Release|x86
	EndGlobalSection
	GlobalSection(SolutionProperties) = preSolution
		HideSolutionNode = FALSE
	EndGlobalSection
	GlobalSection(ExtensibilityGlobals) = postSolution
		SolutionGuid = {817F84FF-91E0-44C9-B49A-7F1BE3C9883D}
	EndGlobalSection
EndGlobal
