
Microsoft Visual Studio Solution File, Format Version 12.00
# Visual Studio Version 17
VisualStudioVersion = 17.2.32516.85
MinimumVisualStudioVersion = 10.0.40219.1
Project("{9A19103F-16F7-4668-BE54-9A1E7A4F7556}") = "Goldens", "Goldens\Goldens.csproj", "{F4CB71FC-C826-448C-873A-B2F49F735716}"
EndProject
Project("{FAE04EC0-301F-11D3-BF4B-00C04F79EFBC}") = "Viewer", "samples\Viewer\Viewer.csproj", "{AC0578B4-F64B-4854-A62F-2B7A31CBEFAA}"
EndProject
Project("{FAE04EC0-301F-11D3-BF4B-00C04F79EFBC}") = "StateMachineInputs", "samples\StateMachineInputs\StateMachineInputs.csproj", "{2D8E223F-13A7-47EC-A7BA-A86032F4A6C7}"
EndProject
Project("{9A19103F-16F7-4668-BE54-9A1E7A4F7556}") = "RiveSharp", "RiveSharp\RiveSharp.csproj", "{7A1048DC-D6E5-4DBF-B9EA-2321D0EE0C66}"
EndProject
Project("{FAE04EC0-301F-11D3-BF4B-00C04F79EFBC}") = "RiveSharp.Views.UWP", "RiveSharp.Views.UWP\RiveSharp.Views.UWP.csproj", "{F68F58D4-868B-49A2-A22F-6C9E076EA4AD}"
EndProject
Project("{8BC9CEB8-8B4A-11D0-8D11-00A0C91BC942}") = "rive", "native\rive.vcxproj", "{FB609D7C-E797-9E0D-9084-84107C9A1A0F}"
EndProject
Project("{2150E333-8FDC-42A3-9474-1A3956D46DE8}") = "Solution Items", "Solution Items", "{23670E97-A31A-4C2F-8877-B91EE57B050E}"
	ProjectSection(SolutionItems) = preProject
		.editorconfig = .editorconfig
	EndProjectSection
EndProject
Global
	GlobalSection(SolutionConfigurationPlatforms) = preSolution
		Debug|Any CPU = Debug|Any CPU
		Debug|ARM = Debug|ARM
		Debug|ARM64 = Debug|ARM64
		Debug|x64 = Debug|x64
		Debug|x86 = Debug|x86
		Release|Any CPU = Release|Any CPU
		Release|ARM = Release|ARM
		Release|ARM64 = Release|ARM64
		Release|x64 = Release|x64
		Release|x86 = Release|x86
	EndGlobalSection
	GlobalSection(ProjectConfigurationPlatforms) = postSolution
		{F4CB71FC-C826-448C-873A-B2F49F735716}.Debug|Any CPU.ActiveCfg = Debug|Any CPU
		{F4CB71FC-C826-448C-873A-B2F49F735716}.Debug|Any CPU.Build.0 = Debug|Any CPU
		{F4CB71FC-C826-448C-873A-B2F49F735716}.Debug|ARM.ActiveCfg = Debug|Any CPU
		{F4CB71FC-C826-448C-873A-B2F49F735716}.Debug|ARM.Build.0 = Debug|Any CPU
		{F4CB71FC-C826-448C-873A-B2F49F735716}.Debug|ARM64.ActiveCfg = Debug|Any CPU
		{F4CB71FC-C826-448C-873A-B2F49F735716}.Debug|ARM64.Build.0 = Debug|Any CPU
		{F4CB71FC-C826-448C-873A-B2F49F735716}.Debug|x64.ActiveCfg = Debug|Any CPU
		{F4CB71FC-C826-448C-873A-B2F49F735716}.Debug|x64.Build.0 = Debug|Any CPU
		{F4CB71FC-C826-448C-873A-B2F49F735716}.Debug|x86.ActiveCfg = Debug|Any CPU
		{F4CB71FC-C826-448C-873A-B2F49F735716}.Debug|x86.Build.0 = Debug|Any CPU
		{F4CB71FC-C826-448C-873A-B2F49F735716}.Release|Any CPU.ActiveCfg = Release|Any CPU
		{F4CB71FC-C826-448C-873A-B2F49F735716}.Release|Any CPU.Build.0 = Release|Any CPU
		{F4CB71FC-C826-448C-873A-B2F49F735716}.Release|ARM.ActiveCfg = Release|Any CPU
		{F4CB71FC-C826-448C-873A-B2F49F735716}.Release|ARM.Build.0 = Release|Any CPU
		{F4CB71FC-C826-448C-873A-B2F49F735716}.Release|ARM64.ActiveCfg = Release|Any CPU
		{F4CB71FC-C826-448C-873A-B2F49F735716}.Release|ARM64.Build.0 = Release|Any CPU
		{F4CB71FC-C826-448C-873A-B2F49F735716}.Release|x64.ActiveCfg = Release|Any CPU
		{F4CB71FC-C826-448C-873A-B2F49F735716}.Release|x64.Build.0 = Release|Any CPU
		{F4CB71FC-C826-448C-873A-B2F49F735716}.Release|x86.ActiveCfg = Release|Any CPU
		{F4CB71FC-C826-448C-873A-B2F49F735716}.Release|x86.Build.0 = Release|Any CPU
		{AC0578B4-F64B-4854-A62F-2B7A31CBEFAA}.Debug|Any CPU.ActiveCfg = Debug|x64
		{AC0578B4-F64B-4854-A62F-2B7A31CBEFAA}.Debug|Any CPU.Build.0 = Debug|x64
		{AC0578B4-F64B-4854-A62F-2B7A31CBEFAA}.Debug|Any CPU.Deploy.0 = Debug|x64
		{AC0578B4-F64B-4854-A62F-2B7A31CBEFAA}.Debug|ARM.ActiveCfg = Debug|ARM
		{AC0578B4-F64B-4854-A62F-2B7A31CBEFAA}.Debug|ARM.Build.0 = Debug|ARM
		{AC0578B4-F64B-4854-A62F-2B7A31CBEFAA}.Debug|ARM.Deploy.0 = Debug|ARM
		{AC0578B4-F64B-4854-A62F-2B7A31CBEFAA}.Debug|ARM64.ActiveCfg = Debug|ARM64
		{AC0578B4-F64B-4854-A62F-2B7A31CBEFAA}.Debug|ARM64.Build.0 = Debug|ARM64
		{AC0578B4-F64B-4854-A62F-2B7A31CBEFAA}.Debug|ARM64.Deploy.0 = Debug|ARM64
		{AC0578B4-F64B-4854-A62F-2B7A31CBEFAA}.Debug|x64.ActiveCfg = Debug|x64
		{AC0578B4-F64B-4854-A62F-2B7A31CBEFAA}.Debug|x64.Build.0 = Debug|x64
		{AC0578B4-F64B-4854-A62F-2B7A31CBEFAA}.Debug|x64.Deploy.0 = Debug|x64
		{AC0578B4-F64B-4854-A62F-2B7A31CBEFAA}.Debug|x86.ActiveCfg = Debug|x86
		{AC0578B4-F64B-4854-A62F-2B7A31CBEFAA}.Debug|x86.Build.0 = Debug|x86
		{AC0578B4-F64B-4854-A62F-2B7A31CBEFAA}.Debug|x86.Deploy.0 = Debug|x86
		{AC0578B4-F64B-4854-A62F-2B7A31CBEFAA}.Release|Any CPU.ActiveCfg = Release|x64
		{AC0578B4-F64B-4854-A62F-2B7A31CBEFAA}.Release|Any CPU.Build.0 = Release|x64
		{AC0578B4-F64B-4854-A62F-2B7A31CBEFAA}.Release|Any CPU.Deploy.0 = Release|x64
		{AC0578B4-F64B-4854-A62F-2B7A31CBEFAA}.Release|ARM.ActiveCfg = Release|ARM
		{AC0578B4-F64B-4854-A62F-2B7A31CBEFAA}.Release|ARM.Build.0 = Release|ARM
		{AC0578B4-F64B-4854-A62F-2B7A31CBEFAA}.Release|ARM.Deploy.0 = Release|ARM
		{AC0578B4-F64B-4854-A62F-2B7A31CBEFAA}.Release|ARM64.ActiveCfg = Release|ARM64
		{AC0578B4-F64B-4854-A62F-2B7A31CBEFAA}.Release|ARM64.Build.0 = Release|ARM64
		{AC0578B4-F64B-4854-A62F-2B7A31CBEFAA}.Release|ARM64.Deploy.0 = Release|ARM64
		{AC0578B4-F64B-4854-A62F-2B7A31CBEFAA}.Release|x64.ActiveCfg = Release|x64
		{AC0578B4-F64B-4854-A62F-2B7A31CBEFAA}.Release|x64.Build.0 = Release|x64
		{AC0578B4-F64B-4854-A62F-2B7A31CBEFAA}.Release|x64.Deploy.0 = Release|x64
		{AC0578B4-F64B-4854-A62F-2B7A31CBEFAA}.Release|x86.ActiveCfg = Release|x86
		{AC0578B4-F64B-4854-A62F-2B7A31CBEFAA}.Release|x86.Build.0 = Release|x86
		{AC0578B4-F64B-4854-A62F-2B7A31CBEFAA}.Release|x86.Deploy.0 = Release|x86
		{2D8E223F-13A7-47EC-A7BA-A86032F4A6C7}.Debug|Any CPU.ActiveCfg = Debug|x64
		{2D8E223F-13A7-47EC-A7BA-A86032F4A6C7}.Debug|Any CPU.Build.0 = Debug|x64
		{2D8E223F-13A7-47EC-A7BA-A86032F4A6C7}.Debug|Any CPU.Deploy.0 = Debug|x64
		{2D8E223F-13A7-47EC-A7BA-A86032F4A6C7}.Debug|ARM.ActiveCfg = Debug|ARM
		{2D8E223F-13A7-47EC-A7BA-A86032F4A6C7}.Debug|ARM.Build.0 = Debug|ARM
		{2D8E223F-13A7-47EC-A7BA-A86032F4A6C7}.Debug|ARM.Deploy.0 = Debug|ARM
		{2D8E223F-13A7-47EC-A7BA-A86032F4A6C7}.Debug|ARM64.ActiveCfg = Debug|ARM64
		{2D8E223F-13A7-47EC-A7BA-A86032F4A6C7}.Debug|ARM64.Build.0 = Debug|ARM64
		{2D8E223F-13A7-47EC-A7BA-A86032F4A6C7}.Debug|ARM64.Deploy.0 = Debug|ARM64
		{2D8E223F-13A7-47EC-A7BA-A86032F4A6C7}.Debug|x64.ActiveCfg = Debug|x64
		{2D8E223F-13A7-47EC-A7BA-A86032F4A6C7}.Debug|x64.Build.0 = Debug|x64
		{2D8E223F-13A7-47EC-A7BA-A86032F4A6C7}.Debug|x64.Deploy.0 = Debug|x64
		{2D8E223F-13A7-47EC-A7BA-A86032F4A6C7}.Debug|x86.ActiveCfg = Debug|x86
		{2D8E223F-13A7-47EC-A7BA-A86032F4A6C7}.Debug|x86.Build.0 = Debug|x86
		{2D8E223F-13A7-47EC-A7BA-A86032F4A6C7}.Debug|x86.Deploy.0 = Debug|x86
		{2D8E223F-13A7-47EC-A7BA-A86032F4A6C7}.Release|Any CPU.ActiveCfg = Release|x64
		{2D8E223F-13A7-47EC-A7BA-A86032F4A6C7}.Release|Any CPU.Build.0 = Release|x64
		{2D8E223F-13A7-47EC-A7BA-A86032F4A6C7}.Release|Any CPU.Deploy.0 = Release|x64
		{2D8E223F-13A7-47EC-A7BA-A86032F4A6C7}.Release|ARM.ActiveCfg = Release|ARM
		{2D8E223F-13A7-47EC-A7BA-A86032F4A6C7}.Release|ARM.Build.0 = Release|ARM
		{2D8E223F-13A7-47EC-A7BA-A86032F4A6C7}.Release|ARM.Deploy.0 = Release|ARM
		{2D8E223F-13A7-47EC-A7BA-A86032F4A6C7}.Release|ARM64.ActiveCfg = Release|ARM64
		{2D8E223F-13A7-47EC-A7BA-A86032F4A6C7}.Release|ARM64.Build.0 = Release|ARM64
		{2D8E223F-13A7-47EC-A7BA-A86032F4A6C7}.Release|ARM64.Deploy.0 = Release|ARM64
		{2D8E223F-13A7-47EC-A7BA-A86032F4A6C7}.Release|x64.ActiveCfg = Release|x64
		{2D8E223F-13A7-47EC-A7BA-A86032F4A6C7}.Release|x64.Build.0 = Release|x64
		{2D8E223F-13A7-47EC-A7BA-A86032F4A6C7}.Release|x64.Deploy.0 = Release|x64
		{2D8E223F-13A7-47EC-A7BA-A86032F4A6C7}.Release|x86.ActiveCfg = Release|x86
		{2D8E223F-13A7-47EC-A7BA-A86032F4A6C7}.Release|x86.Build.0 = Release|x86
		{2D8E223F-13A7-47EC-A7BA-A86032F4A6C7}.Release|x86.Deploy.0 = Release|x86
		{7A1048DC-D6E5-4DBF-B9EA-2321D0EE0C66}.Debug|Any CPU.ActiveCfg = Debug|Any CPU
		{7A1048DC-D6E5-4DBF-B9EA-2321D0EE0C66}.Debug|Any CPU.Build.0 = Debug|Any CPU
		{7A1048DC-D6E5-4DBF-B9EA-2321D0EE0C66}.Debug|ARM.ActiveCfg = Debug|Any CPU
		{7A1048DC-D6E5-4DBF-B9EA-2321D0EE0C66}.Debug|ARM.Build.0 = Debug|Any CPU
		{7A1048DC-D6E5-4DBF-B9EA-2321D0EE0C66}.Debug|ARM64.ActiveCfg = Debug|Any CPU
		{7A1048DC-D6E5-4DBF-B9EA-2321D0EE0C66}.Debug|ARM64.Build.0 = Debug|Any CPU
		{7A1048DC-D6E5-4DBF-B9EA-2321D0EE0C66}.Debug|x64.ActiveCfg = Debug|Any CPU
		{7A1048DC-D6E5-4DBF-B9EA-2321D0EE0C66}.Debug|x64.Build.0 = Debug|Any CPU
		{7A1048DC-D6E5-4DBF-B9EA-2321D0EE0C66}.Debug|x86.ActiveCfg = Debug|Any CPU
		{7A1048DC-D6E5-4DBF-B9EA-2321D0EE0C66}.Debug|x86.Build.0 = Debug|Any CPU
		{7A1048DC-D6E5-4DBF-B9EA-2321D0EE0C66}.Release|Any CPU.ActiveCfg = Release|Any CPU
		{7A1048DC-D6E5-4DBF-B9EA-2321D0EE0C66}.Release|Any CPU.Build.0 = Release|Any CPU
		{7A1048DC-D6E5-4DBF-B9EA-2321D0EE0C66}.Release|ARM.ActiveCfg = Release|Any CPU
		{7A1048DC-D6E5-4DBF-B9EA-2321D0EE0C66}.Release|ARM.Build.0 = Release|Any CPU
		{7A1048DC-D6E5-4DBF-B9EA-2321D0EE0C66}.Release|ARM64.ActiveCfg = Release|Any CPU
		{7A1048DC-D6E5-4DBF-B9EA-2321D0EE0C66}.Release|ARM64.Build.0 = Release|Any CPU
		{7A1048DC-D6E5-4DBF-B9EA-2321D0EE0C66}.Release|x64.ActiveCfg = Release|Any CPU
		{7A1048DC-D6E5-4DBF-B9EA-2321D0EE0C66}.Release|x64.Build.0 = Release|Any CPU
		{7A1048DC-D6E5-4DBF-B9EA-2321D0EE0C66}.Release|x86.ActiveCfg = Release|Any CPU
		{7A1048DC-D6E5-4DBF-B9EA-2321D0EE0C66}.Release|x86.Build.0 = Release|Any CPU
		{F68F58D4-868B-49A2-A22F-6C9E076EA4AD}.Debug|Any CPU.ActiveCfg = Debug|Any CPU
		{F68F58D4-868B-49A2-A22F-6C9E076EA4AD}.Debug|Any CPU.Build.0 = Debug|Any CPU
		{F68F58D4-868B-49A2-A22F-6C9E076EA4AD}.Debug|ARM.ActiveCfg = Debug|ARM
		{F68F58D4-868B-49A2-A22F-6C9E076EA4AD}.Debug|ARM.Build.0 = Debug|ARM
		{F68F58D4-868B-49A2-A22F-6C9E076EA4AD}.Debug|ARM64.ActiveCfg = Debug|ARM64
		{F68F58D4-868B-49A2-A22F-6C9E076EA4AD}.Debug|ARM64.Build.0 = Debug|ARM64
		{F68F58D4-868B-49A2-A22F-6C9E076EA4AD}.Debug|x64.ActiveCfg = Debug|x64
		{F68F58D4-868B-49A2-A22F-6C9E076EA4AD}.Debug|x64.Build.0 = Debug|x64
		{F68F58D4-868B-49A2-A22F-6C9E076EA4AD}.Debug|x86.ActiveCfg = Debug|x86
		{F68F58D4-868B-49A2-A22F-6C9E076EA4AD}.Debug|x86.Build.0 = Debug|x86
		{F68F58D4-868B-49A2-A22F-6C9E076EA4AD}.Release|Any CPU.ActiveCfg = Release|Any CPU
		{F68F58D4-868B-49A2-A22F-6C9E076EA4AD}.Release|Any CPU.Build.0 = Release|Any CPU
		{F68F58D4-868B-49A2-A22F-6C9E076EA4AD}.Release|ARM.ActiveCfg = Release|ARM
		{F68F58D4-868B-49A2-A22F-6C9E076EA4AD}.Release|ARM.Build.0 = Release|ARM
		{F68F58D4-868B-49A2-A22F-6C9E076EA4AD}.Release|ARM64.ActiveCfg = Release|ARM64
		{F68F58D4-868B-49A2-A22F-6C9E076EA4AD}.Release|ARM64.Build.0 = Release|ARM64
		{F68F58D4-868B-49A2-A22F-6C9E076EA4AD}.Release|x64.ActiveCfg = Release|x64
		{F68F58D4-868B-49A2-A22F-6C9E076EA4AD}.Release|x64.Build.0 = Release|x64
		{F68F58D4-868B-49A2-A22F-6C9E076EA4AD}.Release|x86.ActiveCfg = Release|x86
		{F68F58D4-868B-49A2-A22F-6C9E076EA4AD}.Release|x86.Build.0 = Release|x86
		{FB609D7C-E797-9E0D-9084-84107C9A1A0F}.Debug|Any CPU.ActiveCfg = Debug|x64
		{FB609D7C-E797-9E0D-9084-84107C9A1A0F}.Debug|Any CPU.Build.0 = Debug|x64
		{FB609D7C-E797-9E0D-9084-84107C9A1A0F}.Debug|ARM.ActiveCfg = Debug|x64
		{FB609D7C-E797-9E0D-9084-84107C9A1A0F}.Debug|ARM.Build.0 = Debug|x64
		{FB609D7C-E797-9E0D-9084-84107C9A1A0F}.Debug|ARM64.ActiveCfg = Debug|x64
		{FB609D7C-E797-9E0D-9084-84107C9A1A0F}.Debug|ARM64.Build.0 = Debug|x64
		{FB609D7C-E797-9E0D-9084-84107C9A1A0F}.Debug|x64.ActiveCfg = Debug|x64
		{FB609D7C-E797-9E0D-9084-84107C9A1A0F}.Debug|x64.Build.0 = Debug|x64
		{FB609D7C-E797-9E0D-9084-84107C9A1A0F}.Debug|x86.ActiveCfg = Debug|Win32
		{FB609D7C-E797-9E0D-9084-84107C9A1A0F}.Debug|x86.Build.0 = Debug|Win32
		{FB609D7C-E797-9E0D-9084-84107C9A1A0F}.Release|Any CPU.ActiveCfg = Release|x64
		{FB609D7C-E797-9E0D-9084-84107C9A1A0F}.Release|Any CPU.Build.0 = Release|x64
		{FB609D7C-E797-9E0D-9084-84107C9A1A0F}.Release|ARM.ActiveCfg = Release|x64
		{FB609D7C-E797-9E0D-9084-84107C9A1A0F}.Release|ARM.Build.0 = Release|x64
		{FB609D7C-E797-9E0D-9084-84107C9A1A0F}.Release|ARM64.ActiveCfg = Release|x64
		{FB609D7C-E797-9E0D-9084-84107C9A1A0F}.Release|ARM64.Build.0 = Release|x64
		{FB609D7C-E797-9E0D-9084-84107C9A1A0F}.Release|x64.ActiveCfg = Release|x64
		{FB609D7C-E797-9E0D-9084-84107C9A1A0F}.Release|x64.Build.0 = Release|x64
		{FB609D7C-E797-9E0D-9084-84107C9A1A0F}.Release|x86.ActiveCfg = Release|Win32
		{FB609D7C-E797-9E0D-9084-84107C9A1A0F}.Release|x86.Build.0 = Release|Win32
	EndGlobalSection
	GlobalSection(SolutionProperties) = preSolution
		HideSolutionNode = FALSE
	EndGlobalSection
	GlobalSection(ExtensibilityGlobals) = postSolution
		SolutionGuid = {817F84FF-91E0-44C9-B49A-7F1BE3C9883D}
	EndGlobalSection
EndGlobal
